
Microsoft Visual Studio Solution File, Format Version 12.00
# Visual Studio Version 17
VisualStudioVersion = 17.8.34408.163
MinimumVisualStudioVersion = 10.0.40219.1
Project("{FAE04EC0-301F-11D3-BF4B-00C04F79EFBC}") = "Challenge_3", "Challenge_3\Challenge_3.csproj", "{D2489AE6-5A14-4931-9DC0-A6024E5128DD}"
EndProject
Global
	GlobalSection(SolutionConfigurationPlatforms) = preSolution
		Debug|Any CPU = Debug|Any CPU
		Release|Any CPU = Release|Any CPU
	EndGlobalSection
	GlobalSection(ProjectConfigurationPlatforms) = postSolution
		{D2489AE6-5A14-4931-9DC0-A6024E5128DD}.Debug|Any CPU.ActiveCfg = Debug|Any CPU
		{D2489AE6-5A14-4931-9DC0-A6024E5128DD}.Debug|Any CPU.Build.0 = Debug|Any CPU
		{D2489AE6-5A14-4931-9DC0-A6024E5128DD}.Release|Any CPU.ActiveCfg = Release|Any CPU
		{D2489AE6-5A14-4931-9DC0-A6024E5128DD}.Release|Any CPU.Build.0 = Release|Any CPU
	EndGlobalSection
	GlobalSection(SolutionProperties) = preSolution
		HideSolutionNode = FALSE
	EndGlobalSection
	GlobalSection(ExtensibilityGlobals) = postSolution
		SolutionGuid = {1E97E78D-B68F-4160-B9C4-B1B14804D145}
	EndGlobalSection
EndGlobal
