
Microsoft Visual Studio Solution File, Format Version 12.00
# Visual Studio Version 17
VisualStudioVersion = 17.8.34408.163
MinimumVisualStudioVersion = 10.0.40219.1
Project("{FAE04EC0-301F-11D3-BF4B-00C04F79EFBC}") = "TASK#2", "TASK#2.csproj", "{1D06F001-70DC-4C7B-9210-296AF556FF4A}"
EndProject
Global
	GlobalSection(SolutionConfigurationPlatforms) = preSolution
		Debug|Any CPU = Debug|Any CPU
		Release|Any CPU = Release|Any CPU
	EndGlobalSection
	GlobalSection(ProjectConfigurationPlatforms) = postSolution
		{1D06F001-70DC-4C7B-9210-296AF556FF4A}.Debug|Any CPU.ActiveCfg = Debug|Any CPU
		{1D06F001-70DC-4C7B-9210-296AF556FF4A}.Debug|Any CPU.Build.0 = Debug|Any CPU
		{1D06F001-70DC-4C7B-9210-296AF556FF4A}.Release|Any CPU.ActiveCfg = Release|Any CPU
		{1D06F001-70DC-4C7B-9210-296AF556FF4A}.Release|Any CPU.Build.0 = Release|Any CPU
	EndGlobalSection
	GlobalSection(SolutionProperties) = preSolution
		HideSolutionNode = FALSE
	EndGlobalSection
	GlobalSection(ExtensibilityGlobals) = postSolution
		SolutionGuid = {09D3D5FA-9406-4DA1-B03F-ED60FE3067C3}
	EndGlobalSection
EndGlobal
