
Microsoft Visual Studio Solution File, Format Version 12.00
# Visual Studio Version 17
VisualStudioVersion = 17.8.34408.163
MinimumVisualStudioVersion = 10.0.40219.1
Project("{FAE04EC0-301F-11D3-BF4B-00C04F79EFBC}") = "basiccalculatorT1", "basiccalculatorT1\basiccalculatorT1.csproj", "{66D7DBD2-76E3-401E-8D4D-116EF9882C41}"
EndProject
Global
	GlobalSection(SolutionConfigurationPlatforms) = preSolution
		Debug|Any CPU = Debug|Any CPU
		Release|Any CPU = Release|Any CPU
	EndGlobalSection
	GlobalSection(ProjectConfigurationPlatforms) = postSolution
		{66D7DBD2-76E3-401E-8D4D-116EF9882C41}.Debug|Any CPU.ActiveCfg = Debug|Any CPU
		{66D7DBD2-76E3-401E-8D4D-116EF9882C41}.Debug|Any CPU.Build.0 = Debug|Any CPU
		{66D7DBD2-76E3-401E-8D4D-116EF9882C41}.Release|Any CPU.ActiveCfg = Release|Any CPU
		{66D7DBD2-76E3-401E-8D4D-116EF9882C41}.Release|Any CPU.Build.0 = Release|Any CPU
	EndGlobalSection
	GlobalSection(SolutionProperties) = preSolution
		HideSolutionNode = FALSE
	EndGlobalSection
	GlobalSection(ExtensibilityGlobals) = postSolution
		SolutionGuid = {F677BC35-2133-424D-934A-3FB94BDBC10A}
	EndGlobalSection
EndGlobal
