
Microsoft Visual Studio Solution File, Format Version 12.00
# Visual Studio Version 17
VisualStudioVersion = 17.8.34408.163
MinimumVisualStudioVersion = 10.0.40219.1
Project("{FAE04EC0-301F-11D3-BF4B-00C04F79EFBC}") = "Challenge4", "Challenge4.csproj", "{EC96ADA0-956D-460F-A6C5-5C0FEB607B42}"
EndProject
Global
	GlobalSection(SolutionConfigurationPlatforms) = preSolution
		Debug|Any CPU = Debug|Any CPU
		Release|Any CPU = Release|Any CPU
	EndGlobalSection
	GlobalSection(ProjectConfigurationPlatforms) = postSolution
		{EC96ADA0-956D-460F-A6C5-5C0FEB607B42}.Debug|Any CPU.ActiveCfg = Debug|Any CPU
		{EC96ADA0-956D-460F-A6C5-5C0FEB607B42}.Debug|Any CPU.Build.0 = Debug|Any CPU
		{EC96ADA0-956D-460F-A6C5-5C0FEB607B42}.Release|Any CPU.ActiveCfg = Release|Any CPU
		{EC96ADA0-956D-460F-A6C5-5C0FEB607B42}.Release|Any CPU.Build.0 = Release|Any CPU
	EndGlobalSection
	GlobalSection(SolutionProperties) = preSolution
		HideSolutionNode = FALSE
	EndGlobalSection
	GlobalSection(ExtensibilityGlobals) = postSolution
		SolutionGuid = {B11F6D52-FF0C-4B1F-B780-CFAB5D7A2327}
	EndGlobalSection
EndGlobal
