
Microsoft Visual Studio Solution File, Format Version 12.00
# Visual Studio Version 17
VisualStudioVersion = 17.8.34408.163
MinimumVisualStudioVersion = 10.0.40219.1
Project("{FAE04EC0-301F-11D3-BF4B-00C04F79EFBC}") = "Challenge5", "Challenge5\Challenge5.csproj", "{88637B41-A058-4663-B68D-966E65C3103B}"
EndProject
Global
	GlobalSection(SolutionConfigurationPlatforms) = preSolution
		Debug|Any CPU = Debug|Any CPU
		Release|Any CPU = Release|Any CPU
	EndGlobalSection
	GlobalSection(ProjectConfigurationPlatforms) = postSolution
		{88637B41-A058-4663-B68D-966E65C3103B}.Debug|Any CPU.ActiveCfg = Debug|Any CPU
		{88637B41-A058-4663-B68D-966E65C3103B}.Debug|Any CPU.Build.0 = Debug|Any CPU
		{88637B41-A058-4663-B68D-966E65C3103B}.Release|Any CPU.ActiveCfg = Release|Any CPU
		{88637B41-A058-4663-B68D-966E65C3103B}.Release|Any CPU.Build.0 = Release|Any CPU
	EndGlobalSection
	GlobalSection(SolutionProperties) = preSolution
		HideSolutionNode = FALSE
	EndGlobalSection
	GlobalSection(ExtensibilityGlobals) = postSolution
		SolutionGuid = {FB028B8C-9363-41E1-80E7-4068C02AEB54}
	EndGlobalSection
EndGlobal
